
Microsoft Visual Studio Solution File, Format Version 12.00
# Visual Studio 15
VisualStudioVersion = 15.0.27703.2042
MinimumVisualStudioVersion = 10.0.40219.1
Project("{9A19103F-16F7-4668-BE54-9A1E7A4F7556}") = "MicroService", "MicroService\MicroService.csproj", "{CA778C78-91EF-46F4-A442-CBF71C21B912}"
EndProject
Project("{9A19103F-16F7-4668-BE54-9A1E7A4F7556}") = "MicroServiceConsumer", "MicroServiceConsumer\MicroServiceConsumer.csproj", "{717AC4B6-78E3-44D5-B4BD-50D5E10D6823}"
EndProject
Project("{FAE04EC0-301F-11D3-BF4B-00C04F79EFBC}") = "RestTemplateCore", "RestTemplateCore\RestTemplateCore.csproj", "{C5F3EC18-FF24-4769-9236-78E109B8B6A0}"
EndProject
Global
	GlobalSection(SolutionConfigurationPlatforms) = preSolution
		Debug|Any CPU = Debug|Any CPU
		Release|Any CPU = Release|Any CPU
	EndGlobalSection
	GlobalSection(ProjectConfigurationPlatforms) = postSolution
		{CA778C78-91EF-46F4-A442-CBF71C21B912}.Debug|Any CPU.ActiveCfg = Debug|Any CPU
		{CA778C78-91EF-46F4-A442-CBF71C21B912}.Debug|Any CPU.Build.0 = Debug|Any CPU
		{CA778C78-91EF-46F4-A442-CBF71C21B912}.Release|Any CPU.ActiveCfg = Release|Any CPU
		{CA778C78-91EF-46F4-A442-CBF71C21B912}.Release|Any CPU.Build.0 = Release|Any CPU
		{717AC4B6-78E3-44D5-B4BD-50D5E10D6823}.Debug|Any CPU.ActiveCfg = Debug|Any CPU
		{717AC4B6-78E3-44D5-B4BD-50D5E10D6823}.Debug|Any CPU.Build.0 = Debug|Any CPU
		{717AC4B6-78E3-44D5-B4BD-50D5E10D6823}.Release|Any CPU.ActiveCfg = Release|Any CPU
		{717AC4B6-78E3-44D5-B4BD-50D5E10D6823}.Release|Any CPU.Build.0 = Release|Any CPU
		{C5F3EC18-FF24-4769-9236-78E109B8B6A0}.Debug|Any CPU.ActiveCfg = Debug|Any CPU
		{C5F3EC18-FF24-4769-9236-78E109B8B6A0}.Debug|Any CPU.Build.0 = Debug|Any CPU
		{C5F3EC18-FF24-4769-9236-78E109B8B6A0}.Release|Any CPU.ActiveCfg = Release|Any CPU
		{C5F3EC18-FF24-4769-9236-78E109B8B6A0}.Release|Any CPU.Build.0 = Release|Any CPU
	EndGlobalSection
	GlobalSection(SolutionProperties) = preSolution
		HideSolutionNode = FALSE
	EndGlobalSection
	GlobalSection(ExtensibilityGlobals) = postSolution
		SolutionGuid = {445DE1F4-DFC1-44D9-AE22-0D4EE5B52E33}
	EndGlobalSection
EndGlobal
