
Microsoft Visual Studio Solution File, Format Version 12.00
# Visual Studio 15
VisualStudioVersion = 15.0.27703.2042
MinimumVisualStudioVersion = 10.0.40219.1
Project("{9A19103F-16F7-4668-BE54-9A1E7A4F7556}") = "MicroService", "MicroService\MicroService.csproj", "{CA778C78-91EF-46F4-A442-CBF71C21B912}"
EndProject
Project("{9A19103F-16F7-4668-BE54-9A1E7A4F7556}") = "MicroServiceConsumer", "MicroServiceConsumer\MicroServiceConsumer.csproj", "{717AC4B6-78E3-44D5-B4BD-50D5E10D6823}"
EndProject
Project("{9A19103F-16F7-4668-BE54-9A1E7A4F7556}") = "RestTemplateCore", "RestTemplateCore\RestTemplateCore.csproj", "{C5F3EC18-FF24-4769-9236-78E109B8B6A0}"
EndProject
Project("{9A19103F-16F7-4668-BE54-9A1E7A4F7556}") = "PollyTest", "PollyTest\PollyTest.csproj", "{1936829D-E126-470F-B376-A3DD00757886}"
EndProject
Project("{9A19103F-16F7-4668-BE54-9A1E7A4F7556}") = "AopTest", "AopTest\AopTest.csproj", "{6E859E95-E75A-48CF-98BD-9D5CC12B1B42}"
EndProject
Project("{9A19103F-16F7-4668-BE54-9A1E7A4F7556}") = "PollyAspectCore", "PollyAspectCore\PollyAspectCore.csproj", "{D14DCB76-CAEF-4AB6-B5AE-328B4E847AC9}"
EndProject
Project("{9A19103F-16F7-4668-BE54-9A1E7A4F7556}") = "MicroServiceGateWay", "MicroServiceGateWay\MicroServiceGateWay.csproj", "{7D40AA8E-CA4D-41A3-A47F-CA3E0DC40A26}"
EndProject
Project("{9A19103F-16F7-4668-BE54-9A1E7A4F7556}") = "MicroServiceIdentityServer", "MicroServiceIdentityServer\MicroServiceIdentityServer.csproj", "{0589678C-6EBE-4A60-A94D-0971ACE1CD08}"
EndProject
Project("{9A19103F-16F7-4668-BE54-9A1E7A4F7556}") = "IdentityClient", "IdentityClient\IdentityClient.csproj", "{057F2FBD-2401-4BEF-B017-56D30A515D80}"
EndProject
Project("{FAE04EC0-301F-11D3-BF4B-00C04F79EFBC}") = "MicroService.Thrift.RPC.Contract", "MicroService.Thrift.RPC.Contract\MicroService.Thrift.RPC.Contract.csproj", "{81E7B392-2613-4E9A-B5D4-E296E436B489}"
EndProject
Project("{FAE04EC0-301F-11D3-BF4B-00C04F79EFBC}") = "MicroService.Thrift.RPC.Server", "MicroService.Thrift.RPC.Server\MicroService.Thrift.RPC.Server.csproj", "{2302FBF2-85A2-4923-80E4-FAFB02E403A8}"
EndProject
Project("{FAE04EC0-301F-11D3-BF4B-00C04F79EFBC}") = "MicroService.Thrift.RPC.Client", "MicroService.Thrift.RPC.Client\MicroService.Thrift.RPC.Client.csproj", "{209FA33D-E318-46AD-B054-3D27172E3263}"
EndProject
Global
	GlobalSection(SolutionConfigurationPlatforms) = preSolution
		Debug|Any CPU = Debug|Any CPU
		Release|Any CPU = Release|Any CPU
	EndGlobalSection
	GlobalSection(ProjectConfigurationPlatforms) = postSolution
		{CA778C78-91EF-46F4-A442-CBF71C21B912}.Debug|Any CPU.ActiveCfg = Debug|Any CPU
		{CA778C78-91EF-46F4-A442-CBF71C21B912}.Debug|Any CPU.Build.0 = Debug|Any CPU
		{CA778C78-91EF-46F4-A442-CBF71C21B912}.Release|Any CPU.ActiveCfg = Release|Any CPU
		{CA778C78-91EF-46F4-A442-CBF71C21B912}.Release|Any CPU.Build.0 = Release|Any CPU
		{717AC4B6-78E3-44D5-B4BD-50D5E10D6823}.Debug|Any CPU.ActiveCfg = Debug|Any CPU
		{717AC4B6-78E3-44D5-B4BD-50D5E10D6823}.Debug|Any CPU.Build.0 = Debug|Any CPU
		{717AC4B6-78E3-44D5-B4BD-50D5E10D6823}.Release|Any CPU.ActiveCfg = Release|Any CPU
		{717AC4B6-78E3-44D5-B4BD-50D5E10D6823}.Release|Any CPU.Build.0 = Release|Any CPU
		{C5F3EC18-FF24-4769-9236-78E109B8B6A0}.Debug|Any CPU.ActiveCfg = Debug|Any CPU
		{C5F3EC18-FF24-4769-9236-78E109B8B6A0}.Debug|Any CPU.Build.0 = Debug|Any CPU
		{C5F3EC18-FF24-4769-9236-78E109B8B6A0}.Release|Any CPU.ActiveCfg = Release|Any CPU
		{C5F3EC18-FF24-4769-9236-78E109B8B6A0}.Release|Any CPU.Build.0 = Release|Any CPU
		{1936829D-E126-470F-B376-A3DD00757886}.Debug|Any CPU.ActiveCfg = Debug|Any CPU
		{1936829D-E126-470F-B376-A3DD00757886}.Debug|Any CPU.Build.0 = Debug|Any CPU
		{1936829D-E126-470F-B376-A3DD00757886}.Release|Any CPU.ActiveCfg = Release|Any CPU
		{1936829D-E126-470F-B376-A3DD00757886}.Release|Any CPU.Build.0 = Release|Any CPU
		{6E859E95-E75A-48CF-98BD-9D5CC12B1B42}.Debug|Any CPU.ActiveCfg = Debug|Any CPU
		{6E859E95-E75A-48CF-98BD-9D5CC12B1B42}.Debug|Any CPU.Build.0 = Debug|Any CPU
		{6E859E95-E75A-48CF-98BD-9D5CC12B1B42}.Release|Any CPU.ActiveCfg = Release|Any CPU
		{6E859E95-E75A-48CF-98BD-9D5CC12B1B42}.Release|Any CPU.Build.0 = Release|Any CPU
		{D14DCB76-CAEF-4AB6-B5AE-328B4E847AC9}.Debug|Any CPU.ActiveCfg = Debug|Any CPU
		{D14DCB76-CAEF-4AB6-B5AE-328B4E847AC9}.Debug|Any CPU.Build.0 = Debug|Any CPU
		{D14DCB76-CAEF-4AB6-B5AE-328B4E847AC9}.Release|Any CPU.ActiveCfg = Release|Any CPU
		{D14DCB76-CAEF-4AB6-B5AE-328B4E847AC9}.Release|Any CPU.Build.0 = Release|Any CPU
		{7D40AA8E-CA4D-41A3-A47F-CA3E0DC40A26}.Debug|Any CPU.ActiveCfg = Debug|Any CPU
		{7D40AA8E-CA4D-41A3-A47F-CA3E0DC40A26}.Debug|Any CPU.Build.0 = Debug|Any CPU
		{7D40AA8E-CA4D-41A3-A47F-CA3E0DC40A26}.Release|Any CPU.ActiveCfg = Release|Any CPU
		{7D40AA8E-CA4D-41A3-A47F-CA3E0DC40A26}.Release|Any CPU.Build.0 = Release|Any CPU
		{0589678C-6EBE-4A60-A94D-0971ACE1CD08}.Debug|Any CPU.ActiveCfg = Debug|Any CPU
		{0589678C-6EBE-4A60-A94D-0971ACE1CD08}.Debug|Any CPU.Build.0 = Debug|Any CPU
		{0589678C-6EBE-4A60-A94D-0971ACE1CD08}.Release|Any CPU.ActiveCfg = Release|Any CPU
		{0589678C-6EBE-4A60-A94D-0971ACE1CD08}.Release|Any CPU.Build.0 = Release|Any CPU
		{057F2FBD-2401-4BEF-B017-56D30A515D80}.Debug|Any CPU.ActiveCfg = Debug|Any CPU
		{057F2FBD-2401-4BEF-B017-56D30A515D80}.Debug|Any CPU.Build.0 = Debug|Any CPU
		{057F2FBD-2401-4BEF-B017-56D30A515D80}.Release|Any CPU.ActiveCfg = Release|Any CPU
		{057F2FBD-2401-4BEF-B017-56D30A515D80}.Release|Any CPU.Build.0 = Release|Any CPU
		{81E7B392-2613-4E9A-B5D4-E296E436B489}.Debug|Any CPU.ActiveCfg = Debug|Any CPU
		{81E7B392-2613-4E9A-B5D4-E296E436B489}.Debug|Any CPU.Build.0 = Debug|Any CPU
		{81E7B392-2613-4E9A-B5D4-E296E436B489}.Release|Any CPU.ActiveCfg = Release|Any CPU
		{81E7B392-2613-4E9A-B5D4-E296E436B489}.Release|Any CPU.Build.0 = Release|Any CPU
		{2302FBF2-85A2-4923-80E4-FAFB02E403A8}.Debug|Any CPU.ActiveCfg = Debug|Any CPU
		{2302FBF2-85A2-4923-80E4-FAFB02E403A8}.Debug|Any CPU.Build.0 = Debug|Any CPU
		{2302FBF2-85A2-4923-80E4-FAFB02E403A8}.Release|Any CPU.ActiveCfg = Release|Any CPU
		{2302FBF2-85A2-4923-80E4-FAFB02E403A8}.Release|Any CPU.Build.0 = Release|Any CPU
		{209FA33D-E318-46AD-B054-3D27172E3263}.Debug|Any CPU.ActiveCfg = Debug|Any CPU
		{209FA33D-E318-46AD-B054-3D27172E3263}.Debug|Any CPU.Build.0 = Debug|Any CPU
		{209FA33D-E318-46AD-B054-3D27172E3263}.Release|Any CPU.ActiveCfg = Release|Any CPU
		{209FA33D-E318-46AD-B054-3D27172E3263}.Release|Any CPU.Build.0 = Release|Any CPU
	EndGlobalSection
	GlobalSection(SolutionProperties) = preSolution
		HideSolutionNode = FALSE
	EndGlobalSection
	GlobalSection(ExtensibilityGlobals) = postSolution
		SolutionGuid = {445DE1F4-DFC1-44D9-AE22-0D4EE5B52E33}
	EndGlobalSection
EndGlobal
